
Microsoft Visual Studio Solution File, Format Version 12.00
# Visual Studio Version 17
VisualStudioVersion = 17.4.33122.133
MinimumVisualStudioVersion = 10.0.40219.1
Project("{FAE04EC0-301F-11D3-BF4B-00C04F79EFBC}") = "FirstEpamProject", "FirstEpamProject\FirstEpamProject.csproj", "{ACE5016E-5B3F-4F49-8C03-B5217C01D57B}"
EndProject
Global
	GlobalSection(SolutionConfigurationPlatforms) = preSolution
		Debug|Any CPU = Debug|Any CPU
		Release|Any CPU = Release|Any CPU
	EndGlobalSection
	GlobalSection(ProjectConfigurationPlatforms) = postSolution
		{ACE5016E-5B3F-4F49-8C03-B5217C01D57B}.Debug|Any CPU.ActiveCfg = Debug|Any CPU
		{ACE5016E-5B3F-4F49-8C03-B5217C01D57B}.Debug|Any CPU.Build.0 = Debug|Any CPU
		{ACE5016E-5B3F-4F49-8C03-B5217C01D57B}.Release|Any CPU.ActiveCfg = Release|Any CPU
		{ACE5016E-5B3F-4F49-8C03-B5217C01D57B}.Release|Any CPU.Build.0 = Release|Any CPU
	EndGlobalSection
	GlobalSection(SolutionProperties) = preSolution
		HideSolutionNode = FALSE
	EndGlobalSection
	GlobalSection(ExtensibilityGlobals) = postSolution
		SolutionGuid = {2169D756-A8EB-4BBB-9389-2BB5A3F2265E}
	EndGlobalSection
EndGlobal
